PODS:
  - Alamofire (4.7.3)
  - MagicalRecord (2.3.2):
    - MagicalRecord/Core (= 2.3.2)
  - MagicalRecord/Core (2.3.2)
  - SwiftyJSON (4.2.0)

DEPENDENCIES:
  - Alamofire
  - MagicalRecord
  - SwiftyJSON

SPEC REPOS:
  https://github.com/cocoapods/specs.git:
    - Alamofire
    - MagicalRecord
    - SwiftyJSON

SPEC CHECKSUMS:
  Alamofire: c7287b6e5d7da964a70935e5db17046b7fde6568
  MagicalRecord: 53bed74b4323b930992a725be713e53b37d19755
  SwiftyJSON: c4bcba26dd9ec7a027fc8eade48e2c911f229e96

PODFILE CHECKSUM: 369ea808c867a799962a781235d88097d631df42

COCOAPODS: 1.5.3
